{
  "name": "mvp-headless-agent",
  "version": "0.1.0",
  "lockfileVersion": 3,
  "requires": true,
  "packages": {
    "": {
      "name": "mvp-headless-agent",
      "version": "0.1.0",
      "dependencies": {
        "@modelcontextprotocol/sdk": "file:vendor/modelcontextprotocol-sdk",
        "dotenv": "file:vendor/dotenv"
      }
    },
    "node_modules/@modelcontextprotocol/sdk": {
      "resolved": "vendor/modelcontextprotocol-sdk",
      "link": true
    },
    "node_modules/dotenv": {
      "resolved": "vendor/dotenv",
      "link": true
    },
    "vendor/dotenv": {
      "version": "0.0.0-local"
    },
    "vendor/modelcontextprotocol-sdk": {
      "name": "@modelcontextprotocol/sdk",
      "version": "0.0.0-local"
    }
  }
}
